<?xml version="1.0" encoding="utf-8"?>
<Project ToolsVersion="4.0" xmlns="http://schemas.microsoft.com/developer/msbuild/2003">
  <ItemGroup>
    <Filter Include="Source Files">
      <Extensions>cpp;c;cc;cxx;def;odl;idl;hpj;bat;asm;asmx</Extensions>
    </Filter>
    <Filter Include="Header Files">
      <Extensions>h;hh;hpp;hxx;hm;inl;inc;ipp;xsd</Extensions>
    </Filter>
  </ItemGroup>
  <ItemGroup>
    <ClCompile Include="MainGame.cpp">
      <Filter>Source Files</Filter>
    </ClCompile>
    <ClCompile Include="PlayAudio.cpp">
      <Filter>Source Files</Filter>
    </ClCompile>
    <ClCompile Include="PlayBlitter.cpp">
      <Filter>Source Files</Filter>
    </ClCompile>
    <ClCompile Include="PlayGraphics.cpp">
      <Filter>Source Files</Filter>
    </ClCompile>
    <ClCompile Include="PlayInput.cpp">
      <Filter>Source Files</Filter>
    </ClCompile>
    <ClCompile Include="PlayManager.cpp">
      <Filter>Source Files</Filter>
    </ClCompile>
    <ClCompile Include="PlayMemory.cpp">
      <Filter>Source Files</Filter>
    </ClCompile>
    <ClCompile Include="PlayWindow.cpp">
      <Filter>Source Files</Filter>
    </ClCompile>
    <ClCompile Include="PlayBufferPCH.cpp">
      <Filter>Source Files</Filter>
    </ClCompile>
  </ItemGroup>
  <ItemGroup>
    <ClInclude Include="PlayAudio.h">
      <Filter>Header Files</Filter>
    </ClInclude>
    <ClInclude Include="PlayBlitter.h">
      <Filter>Header Files</Filter>
    </ClInclude>
    <ClInclude Include="PlayBufferPCH.h">
      <Filter>Header Files</Filter>
    </ClInclude>
    <ClInclude Include="PlayGraphics.h">
      <Filter>Header Files</Filter>
    </ClInclude>
    <ClInclude Include="PlayInput.h">
      <Filter>Header Files</Filter>
    </ClInclude>
    <ClInclude Include="PlayManager.h">
      <Filter>Header Files</Filter>
    </ClInclude>
    <ClInclude Include="PlayMaths.h">
      <Filter>Header Files</Filter>
    </ClInclude>
    <ClInclude Include="PlayMemory.h">
      <Filter>Header Files</Filter>
    </ClInclude>
    <ClInclude Include="PlayMouse.h">
      <Filter>Header Files</Filter>
    </ClInclude>
    <ClInclude Include="PlayWindow.h">
      <Filter>Header Files</Filter>
    </ClInclude>
  </ItemGroup>
</Project>